// !$*UTF8*$!
{
	archiveVersion = 1;
	classes = {
	};
	objectVersion = 77;
	objects = {

/* Begin PBXBuildFile section */
		052E05AE02E2FC4FBE60C472 /* TournamentsView.swift in Sources */ = {isa = PBXBuildFile; fileRef = C5D703009C418C7BB30FA974 /* TournamentsView.swift */; };
		054D4151E3B4540536E02D89 /* CachedCard.swift in Sources */ = {isa = PBXBuildFile; fileRef = D20C60E6A4314B7A8934D461 /* CachedCard.swift */; };
		31A607846E5382278646F5FD /* AnalyticsView.swift in Sources */ = {isa = PBXBuildFile; fileRef = 7BCD18FB1D1CF9946196A2A9 /* AnalyticsView.swift */; };
		33D3424275DB860D24F0B1B3 /* DecksView.swift in Sources */ = {isa = PBXBuildFile; fileRef = 6DFC1BF7B9DC52AD69F3ADD4 /* DecksView.swift */; };
		377E96BEA55BD8333763C2F5 /* ContentView.swift in Sources */ = {isa = PBXBuildFile; fileRef = 7613D2A3A5BF3570BD55C883 /* ContentView.swift */; };
		3CE65A738F1E0A6385C5B647 /* Assets.xcassets in Resources */ = {isa = PBXBuildFile; fileRef = 1F32F4731902830EADA605FE /* Assets.xcassets */; };
		62BA3BFFCB55CA16AB7B1B57 /* Deck.swift in Sources */ = {isa = PBXBuildFile; fileRef = DB4A6BEBA6C0347BCF301FF8 /* Deck.swift */; };
		BA4B71543603317D630F24A6 /* DeckCard.swift in Sources */ = {isa = PBXBuildFile; fileRef = 1D5ED6169876E3EAA984725D /* DeckCard.swift */; };
		CE05D4E22577C885CB88AEAA /* CardsView.swift in Sources */ = {isa = PBXBuildFile; fileRef = B5FA3AC7D11468A157F134E6 /* CardsView.swift */; };
		D9407C2AB518110FD5AD7D77 /* JustTCGApp.swift in Sources */ = {isa = PBXBuildFile; fileRef = 7EF408A4D8F2347380004EE6 /* JustTCGApp.swift */; };
		F00EEC022711486169331803 /* Match.swift in Sources */ = {isa = PBXBuildFile; fileRef = 382781E56B17CEC0AB19AC36 /* Match.swift */; };
/* End PBXBuildFile section */

/* Begin PBXFileReference section */
		1D5ED6169876E3EAA984725D /* DeckCard.swift */ = {isa = PBXFileReference; lastKnownFileType = sourcecode.swift; path = DeckCard.swift; sourceTree = "<group>"; };
		1F32F4731902830EADA605FE /* Assets.xcassets */ = {isa = PBXFileReference; lastKnownFileType = folder.assetcatalog; path = Assets.xcassets; sourceTree = "<group>"; };
		382781E56B17CEC0AB19AC36 /* Match.swift */ = {isa = PBXFileReference; lastKnownFileType = sourcecode.swift; path = Match.swift; sourceTree = "<group>"; };
		6DFC1BF7B9DC52AD69F3ADD4 /* DecksView.swift */ = {isa = PBXFileReference; lastKnownFileType = sourcecode.swift; path = DecksView.swift; sourceTree = "<group>"; };
		7613D2A3A5BF3570BD55C883 /* ContentView.swift */ = {isa = PBXFileReference; lastKnownFileType = sourcecode.swift; path = ContentView.swift; sourceTree = "<group>"; };
		79EC88F40C90E85A8C2926F7 /* JustTCG.app */ = {isa = PBXFileReference; includeInIndex = 0; lastKnownFileType = wrapper.application; path = JustTCG.app; sourceTree = BUILT_PRODUCTS_DIR; };
		7BCD18FB1D1CF9946196A2A9 /* AnalyticsView.swift */ = {isa = PBXFileReference; lastKnownFileType = sourcecode.swift; path = AnalyticsView.swift; sourceTree = "<group>"; };
		7EF408A4D8F2347380004EE6 /* JustTCGApp.swift */ = {isa = PBXFileReference; lastKnownFileType = sourcecode.swift; path = JustTCGApp.swift; sourceTree = "<group>"; };
		B5FA3AC7D11468A157F134E6 /* CardsView.swift */ = {isa = PBXFileReference; lastKnownFileType = sourcecode.swift; path = CardsView.swift; sourceTree = "<group>"; };
		C5D703009C418C7BB30FA974 /* TournamentsView.swift */ = {isa = PBXFileReference; lastKnownFileType = sourcecode.swift; path = TournamentsView.swift; sourceTree = "<group>"; };
		D20C60E6A4314B7A8934D461 /* CachedCard.swift */ = {isa = PBXFileReference; lastKnownFileType = sourcecode.swift; path = CachedCard.swift; sourceTree = "<group>"; };
		DB4A6BEBA6C0347BCF301FF8 /* Deck.swift */ = {isa = PBXFileReference; lastKnownFileType = sourcecode.swift; path = Deck.swift; sourceTree = "<group>"; };
/* End PBXFileReference section */

/* Begin PBXGroup section */
		1F84916F0A142EC04F86CA72 /* JustTCG */ = {
			isa = PBXGroup;
			children = (
				1F32F4731902830EADA605FE /* Assets.xcassets */,
				788BED1EE440389CEC401878 /* App */,
				FC95B0AF4193E34571862F82 /* Data */,
				8828F1507E2345B1F616E9D5 /* Domain */,
				CDBCBADEFC96C75C61CF6B32 /* Features */,
				8BE64DE37463AC2F37546204 /* Shared */,
			);
			path = JustTCG;
			sourceTree = "<group>";
		};
		41A07D979DF2128C6E93492E /* Decks */ = {
			isa = PBXGroup;
			children = (
				6DFC1BF7B9DC52AD69F3ADD4 /* DecksView.swift */,
			);
			path = Decks;
			sourceTree = "<group>";
		};
		4A1A0A24628A1343D198ADB1 = {
			isa = PBXGroup;
			children = (
				1F84916F0A142EC04F86CA72 /* JustTCG */,
				52AD66E439AFCA1085B2E39C /* Products */,
			);
			sourceTree = "<group>";
		};
		52AD66E439AFCA1085B2E39C /* Products */ = {
			isa = PBXGroup;
			children = (
				79EC88F40C90E85A8C2926F7 /* JustTCG.app */,
			);
			name = Products;
			sourceTree = "<group>";
		};
		59952C84DDBF5B8750DE20B5 /* Tournaments */ = {
			isa = PBXGroup;
			children = (
				C5D703009C418C7BB30FA974 /* TournamentsView.swift */,
			);
			path = Tournaments;
			sourceTree = "<group>";
		};
		788BED1EE440389CEC401878 /* App */ = {
			isa = PBXGroup;
			children = (
				7613D2A3A5BF3570BD55C883 /* ContentView.swift */,
				7EF408A4D8F2347380004EE6 /* JustTCGApp.swift */,
			);
			path = App;
			sourceTree = "<group>";
		};
		8828F1507E2345B1F616E9D5 /* Domain */ = {
			isa = PBXGroup;
			children = (
			);
			path = Domain;
			sourceTree = "<group>";
		};
		8BE64DE37463AC2F37546204 /* Shared */ = {
			isa = PBXGroup;
			children = (
			);
			path = Shared;
			sourceTree = "<group>";
		};
		963A7D7855F5559A4A0BDBA4 /* Cards */ = {
			isa = PBXGroup;
			children = (
				B5FA3AC7D11468A157F134E6 /* CardsView.swift */,
			);
			path = Cards;
			sourceTree = "<group>";
		};
		CDBCBADEFC96C75C61CF6B32 /* Features */ = {
			isa = PBXGroup;
			children = (
				E24509116A64457EA32E6387 /* Analytics */,
				963A7D7855F5559A4A0BDBA4 /* Cards */,
				41A07D979DF2128C6E93492E /* Decks */,
				59952C84DDBF5B8750DE20B5 /* Tournaments */,
			);
			path = Features;
			sourceTree = "<group>";
		};
		E24509116A64457EA32E6387 /* Analytics */ = {
			isa = PBXGroup;
			children = (
				7BCD18FB1D1CF9946196A2A9 /* AnalyticsView.swift */,
			);
			path = Analytics;
			sourceTree = "<group>";
		};
		F1711DA2CED39502ADEFB164 /* Models */ = {
			isa = PBXGroup;
			children = (
				D20C60E6A4314B7A8934D461 /* CachedCard.swift */,
				DB4A6BEBA6C0347BCF301FF8 /* Deck.swift */,
				1D5ED6169876E3EAA984725D /* DeckCard.swift */,
				382781E56B17CEC0AB19AC36 /* Match.swift */,
			);
			path = Models;
			sourceTree = "<group>";
		};
		FC95B0AF4193E34571862F82 /* Data */ = {
			isa = PBXGroup;
			children = (
				F1711DA2CED39502ADEFB164 /* Models */,
			);
			path = Data;
			sourceTree = "<group>";
		};
/* End PBXGroup section */

/* Begin PBXNativeTarget section */
		9151003DE644385F2785BBFF /* JustTCG */ = {
			isa = PBXNativeTarget;
			buildConfigurationList = 55C19F6E07526BBD35305D4E /* Build configuration list for PBXNativeTarget "JustTCG" */;
			buildPhases = (
				B40CE5821F66BEC2924C78CB /* Sources */,
				2BF6C086134C5BFF65BD812B /* Resources */,
			);
			buildRules = (
			);
			dependencies = (
			);
			name = JustTCG;
			packageProductDependencies = (
			);
			productName = JustTCG;
			productReference = 79EC88F40C90E85A8C2926F7 /* JustTCG.app */;
			productType = "com.apple.product-type.application";
		};
/* End PBXNativeTarget section */

/* Begin PBXProject section */
		08C9CD3B5E4445DCD1875498 /* Project object */ = {
			isa = PBXProject;
			attributes = {
				BuildIndependentTargetsInParallel = YES;
				LastUpgradeCheck = 1430;
				TargetAttributes = {
					9151003DE644385F2785BBFF = {
						DevelopmentTeam = "";
					};
				};
			};
			buildConfigurationList = 2D87D064763DD55409192BD2 /* Build configuration list for PBXProject "JustTCG" */;
			developmentRegion = en;
			hasScannedForEncodings = 0;
			knownRegions = (
				Base,
				en,
			);
			mainGroup = 4A1A0A24628A1343D198ADB1;
			minimizedProjectReferenceProxies = 1;
			preferredProjectObjectVersion = 77;
			productRefGroup = 52AD66E439AFCA1085B2E39C /* Products */;
			projectDirPath = "";
			projectRoot = "";
			targets = (
				9151003DE644385F2785BBFF /* JustTCG */,
			);
		};
/* End PBXProject section */

/* Begin PBXResourcesBuildPhase section */
		2BF6C086134C5BFF65BD812B /* Resources */ = {
			isa = PBXResourcesBuildPhase;
			buildActionMask = 2147483647;
			files = (
				3CE65A738F1E0A6385C5B647 /* Assets.xcassets in Resources */,
			);
			runOnlyForDeploymentPostprocessing = 0;
		};
/* End PBXResourcesBuildPhase section */

/* Begin PBXSourcesBuildPhase section */
		B40CE5821F66BEC2924C78CB /* Sources */ = {
			isa = PBXSourcesBuildPhase;
			buildActionMask = 2147483647;
			files = (
				31A607846E5382278646F5FD /* AnalyticsView.swift in Sources */,
				054D4151E3B4540536E02D89 /* CachedCard.swift in Sources */,
				CE05D4E22577C885CB88AEAA /* CardsView.swift in Sources */,
				377E96BEA55BD8333763C2F5 /* ContentView.swift in Sources */,
				62BA3BFFCB55CA16AB7B1B57 /* Deck.swift in Sources */,
				BA4B71543603317D630F24A6 /* DeckCard.swift in Sources */,
				33D3424275DB860D24F0B1B3 /* DecksView.swift in Sources */,
				D9407C2AB518110FD5AD7D77 /* JustTCGApp.swift in Sources */,
				F00EEC022711486169331803 /* Match.swift in Sources */,
				052E05AE02E2FC4FBE60C472 /* TournamentsView.swift in Sources */,
			);
			runOnlyForDeploymentPostprocessing = 0;
		};
/* End PBXSourcesBuildPhase section */

/* Begin XCBuildConfiguration section */
		28ACC936E2CA01F1D16D354A /* Release */ = {
			isa = XCBuildConfiguration;
			buildSettings = {
				ALWAYS_SEARCH_USER_PATHS = NO;
				CLANG_ANALYZER_NONNULL = YES;
				CLANG_ANALYZER_NUMBER_OBJECT_CONVERSION = YES_AGGRESSIVE;
				CLANG_CXX_LANGUAGE_STANDARD = "gnu++14";
				CLANG_CXX_LIBRARY = "libc++";
				CLANG_ENABLE_MODULES = YES;
				CLANG_ENABLE_OBJC_ARC = YES;
				CLANG_ENABLE_OBJC_WEAK = YES;
				CLANG_WARN_BLOCK_CAPTURE_AUTORELEASING = YES;
				CLANG_WARN_BOOL_CONVERSION = YES;
				CLANG_WARN_COMMA = YES;
				CLANG_WARN_CONSTANT_CONVERSION = YES;
				CLANG_WARN_DEPRECATED_OBJC_IMPLEMENTATIONS = YES;
				CLANG_WARN_DIRECT_OBJC_ISA_USAGE = YES_ERROR;
				CLANG_WARN_DOCUMENTATION_COMMENTS = YES;
				CLANG_WARN_EMPTY_BODY = YES;
				CLANG_WARN_ENUM_CONVERSION = YES;
				CLANG_WARN_INFINITE_RECURSION = YES;
				CLANG_WARN_INT_CONVERSION = YES;
				CLANG_WARN_NON_LITERAL_NULL_CONVERSION = YES;
				CLANG_WARN_OBJC_IMPLICIT_RETAIN_SELF = YES;
				CLANG_WARN_OBJC_LITERAL_CONVERSION = YES;
				CLANG_WARN_OBJC_ROOT_CLASS = YES_ERROR;
				CLANG_WARN_QUOTED_INCLUDE_IN_FRAMEWORK_HEADER = YES;
				CLANG_WARN_RANGE_LOOP_ANALYSIS = YES;
				CLANG_WARN_STRICT_PROTOTYPES = YES;
				CLANG_WARN_SUSPICIOUS_MOVE = YES;
				CLANG_WARN_UNGUARDED_AVAILABILITY = YES_AGGRESSIVE;
				CLANG_WARN_UNREACHABLE_CODE = YES;
				CLANG_WARN__DUPLICATE_METHOD_MATCH = YES;
				COPY_PHASE_STRIP = NO;
				DEBUG_INFORMATION_FORMAT = "dwarf-with-dsym";
				ENABLE_NS_ASSERTIONS = NO;
				ENABLE_PREVIEWS = YES;
				ENABLE_STRICT_OBJC_MSGSEND = YES;
				GCC_C_LANGUAGE_STANDARD = gnu11;
				GCC_NO_COMMON_BLOCKS = YES;
				GCC_WARN_64_TO_32_BIT_CONVERSION = YES;
				GCC_WARN_ABOUT_RETURN_TYPE = YES_ERROR;
				GCC_WARN_UNDECLARED_SELECTOR = YES;
				GCC_WARN_UNINITIALIZED_AUTOS = YES_AGGRESSIVE;
				GCC_WARN_UNUSED_FUNCTION = YES;
				GCC_WARN_UNUSED_VARIABLE = YES;
				IPHONEOS_DEPLOYMENT_TARGET = 17.0;
				MTL_ENABLE_DEBUG_INFO = NO;
				MTL_FAST_MATH = YES;
				PRODUCT_NAME = "$(TARGET_NAME)";
				SDKROOT = iphoneos;
				SWIFT_COMPILATION_MODE = wholemodule;
				SWIFT_OPTIMIZATION_LEVEL = "-O";
				SWIFT_VERSION = 5;
			};
			name = Release;
		};
		360245E9EACEBE518118A7B9 /* Debug */ = {
			isa = XCBuildConfiguration;
			buildSettings = {
				ALWAYS_SEARCH_USER_PATHS = NO;
				CLANG_ANALYZER_NONNULL = YES;
				CLANG_ANALYZER_NUMBER_OBJECT_CONVERSION = YES_AGGRESSIVE;
				CLANG_CXX_LANGUAGE_STANDARD = "gnu++14";
				CLANG_CXX_LIBRARY = "libc++";
				CLANG_ENABLE_MODULES = YES;
				CLANG_ENABLE_OBJC_ARC = YES;
				CLANG_ENABLE_OBJC_WEAK = YES;
				CLANG_WARN_BLOCK_CAPTURE_AUTORELEASING = YES;
				CLANG_WARN_BOOL_CONVERSION = YES;
				CLANG_WARN_COMMA = YES;
				CLANG_WARN_CONSTANT_CONVERSION = YES;
				CLANG_WARN_DEPRECATED_OBJC_IMPLEMENTATIONS = YES;
				CLANG_WARN_DIRECT_OBJC_ISA_USAGE = YES_ERROR;
				CLANG_WARN_DOCUMENTATION_COMMENTS = YES;
				CLANG_WARN_EMPTY_BODY = YES;
				CLANG_WARN_ENUM_CONVERSION = YES;
				CLANG_WARN_INFINITE_RECURSION = YES;
				CLANG_WARN_INT_CONVERSION = YES;
				CLANG_WARN_NON_LITERAL_NULL_CONVERSION = YES;
				CLANG_WARN_OBJC_IMPLICIT_RETAIN_SELF = YES;
				CLANG_WARN_OBJC_LITERAL_CONVERSION = YES;
				CLANG_WARN_OBJC_ROOT_CLASS = YES_ERROR;
				CLANG_WARN_QUOTED_INCLUDE_IN_FRAMEWORK_HEADER = YES;
				CLANG_WARN_RANGE_LOOP_ANALYSIS = YES;
				CLANG_WARN_STRICT_PROTOTYPES = YES;
				CLANG_WARN_SUSPICIOUS_MOVE = YES;
				CLANG_WARN_UNGUARDED_AVAILABILITY = YES_AGGRESSIVE;
				CLANG_WARN_UNREACHABLE_CODE = YES;
				CLANG_WARN__DUPLICATE_METHOD_MATCH = YES;
				COPY_PHASE_STRIP = NO;
				DEBUG_INFORMATION_FORMAT = dwarf;
				ENABLE_PREVIEWS = YES;
				ENABLE_STRICT_OBJC_MSGSEND = YES;
				ENABLE_TESTABILITY = YES;
				GCC_C_LANGUAGE_STANDARD = gnu11;
				GCC_DYNAMIC_NO_PIC = NO;
				GCC_NO_COMMON_BLOCKS = YES;
				GCC_OPTIMIZATION_LEVEL = 0;
				GCC_PREPROCESSOR_DEFINITIONS = (
					"$(inherited)",
					"DEBUG=1",
				);
				GCC_WARN_64_TO_32_BIT_CONVERSION = YES;
				GCC_WARN_ABOUT_RETURN_TYPE = YES_ERROR;
				GCC_WARN_UNDECLARED_SELECTOR = YES;
				GCC_WARN_UNINITIALIZED_AUTOS = YES_AGGRESSIVE;
				GCC_WARN_UNUSED_FUNCTION = YES;
				GCC_WARN_UNUSED_VARIABLE = YES;
				IPHONEOS_DEPLOYMENT_TARGET = 17.0;
				MTL_ENABLE_DEBUG_INFO = INCLUDE_SOURCE;
				MTL_FAST_MATH = YES;
				ONLY_ACTIVE_ARCH = YES;
				PRODUCT_NAME = "$(TARGET_NAME)";
				SDKROOT = iphoneos;
				SWIFT_ACTIVE_COMPILATION_CONDITIONS = DEBUG;
				SWIFT_OPTIMIZATION_LEVEL = "-Onone";
				SWIFT_VERSION = 5;
			};
			name = Debug;
		};
		BDA6CAE6E23B41AD6A4AEA68 /* Debug */ = {
			isa = XCBuildConfiguration;
			buildSettings = {
				ASSETCATALOG_COMPILER_APPICON_NAME = AppIcon;
				ASSETCATALOG_COMPILER_GLOBAL_ACCENT_COLOR_NAME = AccentColor;
				CODE_SIGN_IDENTITY = "iPhone Developer";
				CURRENT_PROJECT_VERSION = 1;
				DEVELOPMENT_TEAM = "";
				GENERATE_INFOPLIST_FILE = YES;
				INFOPLIST_KEY_UIApplicationSceneManifest_Generation = YES;
				INFOPLIST_KEY_UILaunchScreen_Generation = YES;
				INFOPLIST_KEY_UISupportedInterfaceOrientations_iPad = "UIInterfaceOrientationPortrait UIInterfaceOrientationPortraitUpsideDown UIInterfaceOrientationLandscapeLeft UIInterfaceOrientationLandscapeRight";
				INFOPLIST_KEY_UISupportedInterfaceOrientations_iPhone = UIInterfaceOrientationPortrait;
				IPHONEOS_DEPLOYMENT_TARGET = 17.0;
				LD_RUNPATH_SEARCH_PATHS = (
					"$(inherited)",
					"@executable_path/Frameworks",
				);
				MARKETING_VERSION = 1.0;
				PRODUCT_BUNDLE_IDENTIFIER = com.rylanddean.JustTCG;
				SDKROOT = iphoneos;
				TARGETED_DEVICE_FAMILY = "1,2";
			};
			name = Debug;
		};
		D923678363975C2029C291FB /* Release */ = {
			isa = XCBuildConfiguration;
			buildSettings = {
				ASSETCATALOG_COMPILER_APPICON_NAME = AppIcon;
				ASSETCATALOG_COMPILER_GLOBAL_ACCENT_COLOR_NAME = AccentColor;
				CODE_SIGN_IDENTITY = "iPhone Developer";
				CURRENT_PROJECT_VERSION = 1;
				DEVELOPMENT_TEAM = "";
				GENERATE_INFOPLIST_FILE = YES;
				INFOPLIST_KEY_UIApplicationSceneManifest_Generation = YES;
				INFOPLIST_KEY_UILaunchScreen_Generation = YES;
				INFOPLIST_KEY_UISupportedInterfaceOrientations_iPad = "UIInterfaceOrientationPortrait UIInterfaceOrientationPortraitUpsideDown UIInterfaceOrientationLandscapeLeft UIInterfaceOrientationLandscapeRight";
				INFOPLIST_KEY_UISupportedInterfaceOrientations_iPhone = UIInterfaceOrientationPortrait;
				IPHONEOS_DEPLOYMENT_TARGET = 17.0;
				LD_RUNPATH_SEARCH_PATHS = (
					"$(inherited)",
					"@executable_path/Frameworks",
				);
				MARKETING_VERSION = 1.0;
				PRODUCT_BUNDLE_IDENTIFIER = com.rylanddean.JustTCG;
				SDKROOT = iphoneos;
				TARGETED_DEVICE_FAMILY = "1,2";
			};
			name = Release;
		};
/* End XCBuildConfiguration section */

/* Begin XCConfigurationList section */
		2D87D064763DD55409192BD2 /* Build configuration list for PBXProject "JustTCG" */ = {
			isa = XCConfigurationList;
			buildConfigurations = (
				360245E9EACEBE518118A7B9 /* Debug */,
				28ACC936E2CA01F1D16D354A /* Release */,
			);
			defaultConfigurationIsVisible = 0;
			defaultConfigurationName = Debug;
		};
		55C19F6E07526BBD35305D4E /* Build configuration list for PBXNativeTarget "JustTCG" */ = {
			isa = XCConfigurationList;
			buildConfigurations = (
				BDA6CAE6E23B41AD6A4AEA68 /* Debug */,
				D923678363975C2029C291FB /* Release */,
			);
			defaultConfigurationIsVisible = 0;
			defaultConfigurationName = Debug;
		};
/* End XCConfigurationList section */
	};
	rootObject = 08C9CD3B5E4445DCD1875498 /* Project object */;
}
